PODS:
  - Differentiator (4.0.1)
  - Kingfisher (5.11.0):
    - Kingfisher/Core (= 5.11.0)
  - Kingfisher/Core (5.11.0)
  - RxAppState (1.6.0):
    - RxCocoa (~> 5.0)
    - RxSwift (~> 5.0)
  - RxCocoa (5.0.1):
    - RxRelay (~> 5)
    - RxSwift (~> 5)
  - RxDataSources (4.0.1):
    - Differentiator (~> 4.0)
    - RxCocoa (~> 5.0)
    - RxSwift (~> 5.0)
  - RxOptional (4.1.0):
    - RxCocoa (~> 5)
    - RxSwift (~> 5)
  - RxRelay (5.0.1):
    - RxSwift (~> 5)
  - RxSwift (5.0.1)
  - SnapKit (5.0.1)
  - SwiftLint (0.38.2)
  - Then (2.6.0)

DEPENDENCIES:
  - Kingfisher (~> 5.11.0)
  - RxAppState (~> 1.6.0)
  - RxCocoa (~> 5.0.1)
  - RxDataSources (~> 4.0)
  - RxOptional (~> 4.1.0)
  - RxSwift (~> 5.0.1)
  - SnapKit (~> 5.0.1)
  - SwiftLint
  - Then (~> 2.6.0)

SPEC REPOS:
  trunk:
    - Differentiator
    - Kingfisher
    - RxAppState
    - RxCocoa
    - RxDataSources
    - RxOptional
    - RxRelay
    - RxSwift
    - SnapKit
    - SwiftLint
    - Then

SPEC CHECKSUMS:
  Differentiator: 886080237d9f87f322641dedbc5be257061b0602
  Kingfisher: 4569606189149e19c7d9439f47e885d0679b7a90
  RxAppState: b633d7370970ecb80081912ea08a7bf3eb644b4e
  RxCocoa: e741b9749968e8a143e2b787f1dfbff2b63d0a5c
  RxDataSources: efee07fa4de48477eca0a4611e6d11e2da9c1114
  RxOptional: b1fcd60856807a564c0215c2184b8d33e7826dc2
  RxRelay: 89d54507f4fd4d969e6ec1d4bd7f3673640b4640
  RxSwift: e2dc62b366a3adf6a0be44ba9f405efd4c94e0c4
  SnapKit: 97b92857e3df3a0c71833cce143274bf6ef8e5eb
  SwiftLint: 8f5d2f903e1c9bcbc832fd16771e80a263ac6cbb
  Then: 90cd104fd951cec1980a03f57704ad8f784d4d79

PODFILE CHECKSUM: 120c41aa610396975ed729929402bd91559fbdf1

COCOAPODS: 1.8.4
